
Microsoft Visual Studio Solution File, Format Version 12.00
# Visual Studio Version 17
VisualStudioVersion = 17.0.31903.59
MinimumVisualStudioVersion = 10.0.40219.1
Project("{2150E333-8FDC-42A3-9474-1A3956D46DE8}") = "src", "src", "{827E0CD3-B72D-47B6-A68D-7590B98EB39B}"
EndProject
Project("{2150E333-8FDC-42A3-9474-1A3956D46DE8}") = "Shared", "Shared", "{C8E42992-5E42-0C2B-DBFE-AA848D06431C}"
EndProject
Project("{FAE04EC0-301F-11D3-BF4B-00C04F79EFBC}") = "Shared.Observability", "src\Shared\Shared.Observability\Shared.Observability.csproj", "{4E4A763F-0984-42AD-871C-E21852D9A18D}"
EndProject
Project("{FAE04EC0-301F-11D3-BF4B-00C04F79EFBC}") = "Api.Framework", "src\Api.Framework\Api.Framework.csproj", "{2CBC1561-69A2-43EF-BB93-229F4C68ABC6}"
EndProject
Project("{FAE04EC0-301F-11D3-BF4B-00C04F79EFBC}") = "Api.Net10", "src\Api.Net10\Api.Net10.csproj", "{47CCCB4A-246F-4852-BAA9-BA363EF9D922}"
EndProject
Project("{FAE04EC0-301F-11D3-BF4B-00C04F79EFBC}") = "Bff.Runner.Framework", "src\Bff.Runner.Framework\Bff.Runner.Framework.csproj", "{9FCB6647-4F79-4237-9290-71EB1AF52ADC}"
EndProject
Global
	GlobalSection(SolutionConfigurationPlatforms) = preSolution
		Debug|Any CPU = Debug|Any CPU
		Debug|x64 = Debug|x64
		Debug|x86 = Debug|x86
		Release|Any CPU = Release|Any CPU
		Release|x64 = Release|x64
		Release|x86 = Release|x86
	EndGlobalSection
	GlobalSection(ProjectConfigurationPlatforms) = postSolution
		{4E4A763F-0984-42AD-871C-E21852D9A18D}.Debug|Any CPU.ActiveCfg = Debug|Any CPU
		{4E4A763F-0984-42AD-871C-E21852D9A18D}.Debug|Any CPU.Build.0 = Debug|Any CPU
		{4E4A763F-0984-42AD-871C-E21852D9A18D}.Debug|x64.ActiveCfg = Debug|Any CPU
		{4E4A763F-0984-42AD-871C-E21852D9A18D}.Debug|x64.Build.0 = Debug|Any CPU
		{4E4A763F-0984-42AD-871C-E21852D9A18D}.Debug|x86.ActiveCfg = Debug|Any CPU
		{4E4A763F-0984-42AD-871C-E21852D9A18D}.Debug|x86.Build.0 = Debug|Any CPU
		{4E4A763F-0984-42AD-871C-E21852D9A18D}.Release|Any CPU.ActiveCfg = Release|Any CPU
		{4E4A763F-0984-42AD-871C-E21852D9A18D}.Release|Any CPU.Build.0 = Release|Any CPU
		{4E4A763F-0984-42AD-871C-E21852D9A18D}.Release|x64.ActiveCfg = Release|Any CPU
		{4E4A763F-0984-42AD-871C-E21852D9A18D}.Release|x64.Build.0 = Release|Any CPU
		{4E4A763F-0984-42AD-871C-E21852D9A18D}.Release|x86.ActiveCfg = Release|Any CPU
		{4E4A763F-0984-42AD-871C-E21852D9A18D}.Release|x86.Build.0 = Release|Any CPU
		{2CBC1561-69A2-43EF-BB93-229F4C68ABC6}.Debug|Any CPU.ActiveCfg = Debug|Any CPU
		{2CBC1561-69A2-43EF-BB93-229F4C68ABC6}.Debug|Any CPU.Build.0 = Debug|Any CPU
		{2CBC1561-69A2-43EF-BB93-229F4C68ABC6}.Debug|x64.ActiveCfg = Debug|Any CPU
		{2CBC1561-69A2-43EF-BB93-229F4C68ABC6}.Debug|x64.Build.0 = Debug|Any CPU
		{2CBC1561-69A2-43EF-BB93-229F4C68ABC6}.Debug|x86.ActiveCfg = Debug|Any CPU
		{2CBC1561-69A2-43EF-BB93-229F4C68ABC6}.Debug|x86.Build.0 = Debug|Any CPU
		{2CBC1561-69A2-43EF-BB93-229F4C68ABC6}.Release|Any CPU.ActiveCfg = Release|Any CPU
		{2CBC1561-69A2-43EF-BB93-229F4C68ABC6}.Release|Any CPU.Build.0 = Release|Any CPU
		{2CBC1561-69A2-43EF-BB93-229F4C68ABC6}.Release|x64.ActiveCfg = Release|Any CPU
		{2CBC1561-69A2-43EF-BB93-229F4C68ABC6}.Release|x64.Build.0 = Release|Any CPU
		{2CBC1561-69A2-43EF-BB93-229F4C68ABC6}.Release|x86.ActiveCfg = Release|Any CPU
		{2CBC1561-69A2-43EF-BB93-229F4C68ABC6}.Release|x86.Build.0 = Release|Any CPU
		{47CCCB4A-246F-4852-BAA9-BA363EF9D922}.Debug|Any CPU.ActiveCfg = Debug|Any CPU
		{47CCCB4A-246F-4852-BAA9-BA363EF9D922}.Debug|Any CPU.Build.0 = Debug|Any CPU
		{47CCCB4A-246F-4852-BAA9-BA363EF9D922}.Debug|x64.ActiveCfg = Debug|Any CPU
		{47CCCB4A-246F-4852-BAA9-BA363EF9D922}.Debug|x64.Build.0 = Debug|Any CPU
		{47CCCB4A-246F-4852-BAA9-BA363EF9D922}.Debug|x86.ActiveCfg = Debug|Any CPU
		{47CCCB4A-246F-4852-BAA9-BA363EF9D922}.Debug|x86.Build.0 = Debug|Any CPU
		{47CCCB4A-246F-4852-BAA9-BA363EF9D922}.Release|Any CPU.ActiveCfg = Release|Any CPU
		{47CCCB4A-246F-4852-BAA9-BA363EF9D922}.Release|Any CPU.Build.0 = Release|Any CPU
		{47CCCB4A-246F-4852-BAA9-BA363EF9D922}.Release|x64.ActiveCfg = Release|Any CPU
		{47CCCB4A-246F-4852-BAA9-BA363EF9D922}.Release|x64.Build.0 = Release|Any CPU
		{47CCCB4A-246F-4852-BAA9-BA363EF9D922}.Release|x86.ActiveCfg = Release|Any CPU
		{47CCCB4A-246F-4852-BAA9-BA363EF9D922}.Release|x86.Build.0 = Release|Any CPU
		{9FCB6647-4F79-4237-9290-71EB1AF52ADC}.Debug|Any CPU.ActiveCfg = Debug|Any CPU
		{9FCB6647-4F79-4237-9290-71EB1AF52ADC}.Debug|Any CPU.Build.0 = Debug|Any CPU
		{9FCB6647-4F79-4237-9290-71EB1AF52ADC}.Debug|x64.ActiveCfg = Debug|Any CPU
		{9FCB6647-4F79-4237-9290-71EB1AF52ADC}.Debug|x64.Build.0 = Debug|Any CPU
		{9FCB6647-4F79-4237-9290-71EB1AF52ADC}.Debug|x86.ActiveCfg = Debug|Any CPU
		{9FCB6647-4F79-4237-9290-71EB1AF52ADC}.Debug|x86.Build.0 = Debug|Any CPU
		{9FCB6647-4F79-4237-9290-71EB1AF52ADC}.Release|Any CPU.ActiveCfg = Release|Any CPU
		{9FCB6647-4F79-4237-9290-71EB1AF52ADC}.Release|Any CPU.Build.0 = Release|Any CPU
		{9FCB6647-4F79-4237-9290-71EB1AF52ADC}.Release|x64.ActiveCfg = Release|Any CPU
		{9FCB6647-4F79-4237-9290-71EB1AF52ADC}.Release|x64.Build.0 = Release|Any CPU
		{9FCB6647-4F79-4237-9290-71EB1AF52ADC}.Release|x86.ActiveCfg = Release|Any CPU
		{9FCB6647-4F79-4237-9290-71EB1AF52ADC}.Release|x86.Build.0 = Release|Any CPU
	EndGlobalSection
	GlobalSection(SolutionProperties) = preSolution
		HideSolutionNode = FALSE
	EndGlobalSection
	GlobalSection(NestedProjects) = preSolution
		{C8E42992-5E42-0C2B-DBFE-AA848D06431C} = {827E0CD3-B72D-47B6-A68D-7590B98EB39B}
		{4E4A763F-0984-42AD-871C-E21852D9A18D} = {C8E42992-5E42-0C2B-DBFE-AA848D06431C}
		{2CBC1561-69A2-43EF-BB93-229F4C68ABC6} = {827E0CD3-B72D-47B6-A68D-7590B98EB39B}
		{47CCCB4A-246F-4852-BAA9-BA363EF9D922} = {827E0CD3-B72D-47B6-A68D-7590B98EB39B}
		{9FCB6647-4F79-4237-9290-71EB1AF52ADC} = {827E0CD3-B72D-47B6-A68D-7590B98EB39B}
	EndGlobalSection
EndGlobal
